
Microsoft Visual Studio Solution File, Format Version 12.00
# Visual Studio 15
VisualStudioVersion = 15.0.26228.4
MinimumVisualStudioVersion = 10.0.40219.1
Project("{8BC9CEB8-8B4A-11D0-8D11-00A0C91BC942}") = "gtest_test", "gtest_test\gtest_test.vcxproj", "{47F261E0-EFF1-4F6B-A25F-8CE54F022064}"
EndProject
Project("{8BC9CEB8-8B4A-11D0-8D11-00A0C91BC942}") = "charactor_test", "charactor_test\charactor_test.vcxproj", "{F7F4588D-A7FE-4EF7-A696-62EFBBA2AF4C}"
EndProject
Global
	GlobalSection(SolutionConfigurationPlatforms) = preSolution
		Debug|x64 = Debug|x64
		Debug|x86 = Debug|x86
		Release|x64 = Release|x64
		Release|x86 = Release|x86
	EndGlobalSection
	GlobalSection(ProjectConfigurationPlatforms) = postSolution
		{47F261E0-EFF1-4F6B-A25F-8CE54F022064}.Debug|x64.ActiveCfg = Debug|x64
		{47F261E0-EFF1-4F6B-A25F-8CE54F022064}.Debug|x64.Build.0 = Debug|x64
		{47F261E0-EFF1-4F6B-A25F-8CE54F022064}.Debug|x86.ActiveCfg = Debug|Win32
		{47F261E0-EFF1-4F6B-A25F-8CE54F022064}.Debug|x86.Build.0 = Debug|Win32
		{47F261E0-EFF1-4F6B-A25F-8CE54F022064}.Release|x64.ActiveCfg = Release|x64
		{47F261E0-EFF1-4F6B-A25F-8CE54F022064}.Release|x64.Build.0 = Release|x64
		{47F261E0-EFF1-4F6B-A25F-8CE54F022064}.Release|x86.ActiveCfg = Release|Win32
		{47F261E0-EFF1-4F6B-A25F-8CE54F022064}.Release|x86.Build.0 = Release|Win32
		{F7F4588D-A7FE-4EF7-A696-62EFBBA2AF4C}.Debug|x64.ActiveCfg = Debug|x64
		{F7F4588D-A7FE-4EF7-A696-62EFBBA2AF4C}.Debug|x64.Build.0 = Debug|x64
		{F7F4588D-A7FE-4EF7-A696-62EFBBA2AF4C}.Debug|x86.ActiveCfg = Debug|Win32
		{F7F4588D-A7FE-4EF7-A696-62EFBBA2AF4C}.Debug|x86.Build.0 = Debug|Win32
		{F7F4588D-A7FE-4EF7-A696-62EFBBA2AF4C}.Release|x64.ActiveCfg = Release|x64
		{F7F4588D-A7FE-4EF7-A696-62EFBBA2AF4C}.Release|x64.Build.0 = Release|x64
		{F7F4588D-A7FE-4EF7-A696-62EFBBA2AF4C}.Release|x86.ActiveCfg = Release|Win32
		{F7F4588D-A7FE-4EF7-A696-62EFBBA2AF4C}.Release|x86.Build.0 = Release|Win32
	EndGlobalSection
	GlobalSection(SolutionProperties) = preSolution
		HideSolutionNode = FALSE
	EndGlobalSection
	GlobalSection(ExtensibilityGlobals) = postSolution
		SolutionGuid = {515E3B1E-ED7A-4405-B39B-3C6F0069FE2C}
	EndGlobalSection
EndGlobal
